
Microsoft Visual Studio Solution File, Format Version 12.00
# Visual Studio Version 16
VisualStudioVersion = 16.0.29021.104
MinimumVisualStudioVersion = 10.0.40219.1
Project("{9A19103F-16F7-4668-BE54-9A1E7A4F7556}") = "Mimir.API", "Mimir.API\Mimir.API.csproj", "{0FEACD11-1A1F-46D3-B04D-FC5CE76EE8BB}"
EndProject
Project("{9A19103F-16F7-4668-BE54-9A1E7A4F7556}") = "Mimir.Database", "Mimir.Database\Mimir.Database.csproj", "{834375DD-20B0-4930-A0B7-32D7575657AF}"
EndProject
Project("{9A19103F-16F7-4668-BE54-9A1E7A4F7556}") = "Mimir.Core", "Mimir.Core\Mimir.Core.csproj", "{D325DB2F-AC89-4DC8-9766-DBA6A8603832}"
EndProject
Project("{9A19103F-16F7-4668-BE54-9A1E7A4F7556}") = "Mimir.CQRS", "Mimir.CQRS\Mimir.CQRS.csproj", "{252F3D36-BEC2-49EB-A8DD-A4A5A0CAE430}"
EndProject
Global
	GlobalSection(SolutionConfigurationPlatforms) = preSolution
		Debug|Any CPU = Debug|Any CPU
		Release|Any CPU = Release|Any CPU
	EndGlobalSection
	GlobalSection(ProjectConfigurationPlatforms) = postSolution
		{0FEACD11-1A1F-46D3-B04D-FC5CE76EE8BB}.Debug|Any CPU.ActiveCfg = Debug|Any CPU
		{0FEACD11-1A1F-46D3-B04D-FC5CE76EE8BB}.Debug|Any CPU.Build.0 = Debug|Any CPU
		{0FEACD11-1A1F-46D3-B04D-FC5CE76EE8BB}.Release|Any CPU.ActiveCfg = Release|Any CPU
		{0FEACD11-1A1F-46D3-B04D-FC5CE76EE8BB}.Release|Any CPU.Build.0 = Release|Any CPU
		{834375DD-20B0-4930-A0B7-32D7575657AF}.Debug|Any CPU.ActiveCfg = Debug|Any CPU
		{834375DD-20B0-4930-A0B7-32D7575657AF}.Debug|Any CPU.Build.0 = Debug|Any CPU
		{834375DD-20B0-4930-A0B7-32D7575657AF}.Release|Any CPU.ActiveCfg = Release|Any CPU
		{834375DD-20B0-4930-A0B7-32D7575657AF}.Release|Any CPU.Build.0 = Release|Any CPU
		{D325DB2F-AC89-4DC8-9766-DBA6A8603832}.Debug|Any CPU.ActiveCfg = Debug|Any CPU
		{D325DB2F-AC89-4DC8-9766-DBA6A8603832}.Debug|Any CPU.Build.0 = Debug|Any CPU
		{D325DB2F-AC89-4DC8-9766-DBA6A8603832}.Release|Any CPU.ActiveCfg = Release|Any CPU
		{D325DB2F-AC89-4DC8-9766-DBA6A8603832}.Release|Any CPU.Build.0 = Release|Any CPU
		{252F3D36-BEC2-49EB-A8DD-A4A5A0CAE430}.Debug|Any CPU.ActiveCfg = Debug|Any CPU
		{252F3D36-BEC2-49EB-A8DD-A4A5A0CAE430}.Debug|Any CPU.Build.0 = Debug|Any CPU
		{252F3D36-BEC2-49EB-A8DD-A4A5A0CAE430}.Release|Any CPU.ActiveCfg = Release|Any CPU
		{252F3D36-BEC2-49EB-A8DD-A4A5A0CAE430}.Release|Any CPU.Build.0 = Release|Any CPU
	EndGlobalSection
	GlobalSection(SolutionProperties) = preSolution
		HideSolutionNode = FALSE
	EndGlobalSection
	GlobalSection(ExtensibilityGlobals) = postSolution
		SolutionGuid = {3494CDC0-C2B7-4365-BB4C-0C591CD1B20E}
	EndGlobalSection
EndGlobal
